
Microsoft Visual Studio Solution File, Format Version 12.00
# Visual Studio 15
VisualStudioVersion = 15.0.28307.1022
MinimumVisualStudioVersion = 10.0.40219.1
Project("{FAE04EC0-301F-11D3-BF4B-00C04F79EFBC}") = "Biblioteca", "Bliblioteca_New\Biblioteca.csproj", "{613BE5EA-1060-464C-8ED3-C40B03F0715B}"
EndProject
Project("{FAE04EC0-301F-11D3-BF4B-00C04F79EFBC}") = "CamadaDados", "CamadaDados\CamadaDados.csproj", "{4A87737E-599C-4DA6-8A52-A2225159CB66}"
EndProject
Project("{FAE04EC0-301F-11D3-BF4B-00C04F79EFBC}") = "CamadaNegocio", "CamadaNegocio\CamadaNegocio.csproj", "{A6467C43-D326-4BCD-ABC0-8334AF3BD874}"
EndProject
Global
	GlobalSection(SolutionConfigurationPlatforms) = preSolution
		Debug|Any CPU = Debug|Any CPU
		Release|Any CPU = Release|Any CPU
	EndGlobalSection
	GlobalSection(ProjectConfigurationPlatforms) = postSolution
		{613BE5EA-1060-464C-8ED3-C40B03F0715B}.Debug|Any CPU.ActiveCfg = Debug|Any CPU
		{613BE5EA-1060-464C-8ED3-C40B03F0715B}.Debug|Any CPU.Build.0 = Debug|Any CPU
		{613BE5EA-1060-464C-8ED3-C40B03F0715B}.Release|Any CPU.ActiveCfg = Release|Any CPU
		{613BE5EA-1060-464C-8ED3-C40B03F0715B}.Release|Any CPU.Build.0 = Release|Any CPU
		{4A87737E-599C-4DA6-8A52-A2225159CB66}.Debug|Any CPU.ActiveCfg = Debug|Any CPU
		{4A87737E-599C-4DA6-8A52-A2225159CB66}.Debug|Any CPU.Build.0 = Debug|Any CPU
		{4A87737E-599C-4DA6-8A52-A2225159CB66}.Release|Any CPU.ActiveCfg = Release|Any CPU
		{4A87737E-599C-4DA6-8A52-A2225159CB66}.Release|Any CPU.Build.0 = Release|Any CPU
		{A6467C43-D326-4BCD-ABC0-8334AF3BD874}.Debug|Any CPU.ActiveCfg = Debug|Any CPU
		{A6467C43-D326-4BCD-ABC0-8334AF3BD874}.Debug|Any CPU.Build.0 = Debug|Any CPU
		{A6467C43-D326-4BCD-ABC0-8334AF3BD874}.Release|Any CPU.ActiveCfg = Release|Any CPU
		{A6467C43-D326-4BCD-ABC0-8334AF3BD874}.Release|Any CPU.Build.0 = Release|Any CPU
	EndGlobalSection
	GlobalSection(SolutionProperties) = preSolution
		HideSolutionNode = FALSE
	EndGlobalSection
	GlobalSection(ExtensibilityGlobals) = postSolution
		SolutionGuid = {D52F9564-9824-4BB3-9A0F-83CC6992E1B3}
	EndGlobalSection
EndGlobal
